{
  "name": "next-git-build-id",
  "version": "0.1.0",
  "lockfileVersion": 1,
  "requires": true,
  "dependencies": {
    "githash": {
      "version": "0.0.4",
      "resolved": "https://registry.npmjs.org/githash/-/githash-0.0.4.tgz",
      "integrity": "sha1-ePrmyyCEsnIrqziKgKVC5awoSwI="
    }
  }
}
